{
    "_meta": {
        "hash": {
            "sha256": "2ffb25cd7b4238c42c03da2c3f82fa812efdc9d15b5bcd3218abb630a13b6e2f"
        },
        "pipfile-spec": 6,
        "requires": {
            "python_version": "3.9"
        },
        "sources": [
            {
                "name": "pypi",
                "url": "https://pypi.python.org/simple",
                "verify_ssl": true
            }
        ]
    },
    "default": {
        "btrees": {
            "hashes": [
                "sha256:03cad075c38e52e5f6662ef16ad52f0b37f849ad5d696e3d4e2da5614ce420bc",
                "sha256:1ea05e91842fc02b3c01e2d18667a2a3dbfcc3f902aa33d499c1bfcba9a636c8",
                "sha256:23af5041101143418a6b109ed184091aa9a00431b1847044ca1cd3fc968b59aa",
                "sha256:34862314aed96ca195766691b7bb2d89a35c376441540f84dd2af183278194e2",
                "sha256:34e8fd044c85356b3096dc991a5c70ae1692dcd07968fb7de9b7264f37c72626",
                "sha256:39026d5bee08b79eb3d83a716276a733145aa8b5aa7ec5890c5efaa6898fe057",
                "sha256:3a0b3642bbc36a6beebc5ccbc749fcd93ec65530f05223ae31fd0c76ab185e75",
                "sha256:4ee8f5880ca6be3e177a852da3ac09fac883680cce310d638e1f482a6fb4c267",
                "sha256:5427b3ffbce05ab8f4db4b99d3463c7700e605a3f413b38e61500cbe4b872bc5",
                "sha256:5c3d1f6ba10f5686552b407a6ef468015230b45fb4d6a160a9d19fedf78041cf",
                "sha256:670869947dcc4216c66f73fc1dc1dff6b053ef45242b925c3fd95e32f5d1604f",
                "sha256:69fcefa4a5542f7c736d26f9ea44baafbb4a3a6862bec981d6eac1beda60e672",
                "sha256:70cd7a679ef05d7b7b1f5725c28928c4328f8ff1f9f9ddada097c6a77334a92d",
                "sha256:7dc03f8afd98c9f64c79a9b944e6c0476b76c2d00b6d2473ac66aeedb90c3c2a",
                "sha256:93e1d058a60f0914c94ae623e0d747082153e0242f159b8f4bf6395fe2cc8bb8",
                "sha256:945cf38fc2a26d4259b0d38078654870c4f14a420843b91cc93e10ed7cec5a3d",
                "sha256:9e8485c6ed09477cdd0c878bf8d5a7e994200d82edb9cd7c00caede4042f8a12",
                "sha256:adb01cec4212739b6033c7673f0ad4cf8cdba36ebea932a32ab69b82a2987656",
                "sha256:b53f2798c9215b851969a1601ec806643d42f74a2ddeacbf38e2ed6aea1fb109",
                "sha256:b79259916631dcbd242fc3dd156c4ba0de66c1f3d936338f3aff204839a59a4a",
                "sha256:b8e160c6dfcd4544f74be584a70a6b442e71a19e8dadd1cd8d0b7e3cd4263bd9",
                "sha256:ba6aa6592bee36a45c9866424430530085ac3f7dccb5ade94206a7102539788a",
                "sha256:bfb2238affe98062b6a5778d709a64bde60fcaa6604c1a34f47f8b25a9ca8658",
                "sha256:c349a416e7e4f3d6a2858d605b9fa0b92fad268714134dd0e2f7e0b631c03eef",
                "sha256:c456801116444588afb84522c946b1c4ed5198deee6fbef6acc1a54a569b4f99",
                "sha256:cf87c185d65559b91fdf71d075b86c7ea8aa68c67cc5dc2010589e9919144cfd",
                "sha256:d204f55915bcce691b4e5dc1fc8926c9e0da7994a80ea70b7e42aead853fed6d",
                "sha256:d6ab0e3410d074d7154245d6dc6493ae86f1b50bd6080d1310ebb3ecdea5deb6",
                "sha256:e19147982a4e37a3fd6e5a04d054917b3a8d4f102901e75d067738151b650100",
                "sha256:e27a397ee41efc2d4ae337308fd6b1d82c267e25e0310ce3417ae594258d38a1",
                "sha256:e378707d019b522283ceea03d1f39df040d0abb668714ea5173771d1eeacbbdf",
                "sha256:e67b21567ef0edceabb4770009978cdb3bef5864c5a412bb060cc15207ccbf1a",
                "sha256:f0a6229980c39ccba644bb15e0045f3c2b6b173c9f87bb61a23d843cb389ab98",
                "sha256:f2249c6bcc6a749f0f846e301c9d42633c9388f8b54b6b431068a95d9cc6a07a",
                "sha256:f6a89ef8d31c19a1d2348d4d2df24b1596b280a93fc06855b365e3f324dfc8bb",
                "sha256:ff3c5a196f5bf2402f981672b850e218486d0fa6c9ebcb27e32f40c3a3cd3416"
            ],
            "version": "==4.10.0"
        },
        "card": {
            "git": "https://github.com/mitshell/card.git",
            "ref": "v0.9.0"
        },
        "certifi": {
            "hashes": [
                "sha256:84c85a9078b11105f04f3036a9482ae10e4621616db313fe045dd24743a0820d",
                "sha256:fe86415d55e84719d75f8b69414f6438ac3547d2078ab91b67e779ef69378412"
            ],
            "version": "==2022.6.15"
        },
        "cffi": {
            "hashes": [
                "sha256:00a9ed42e88df81ffae7a8ab6d9356b371399b91dbdf0c3cb1e84c03a13aceb5",
                "sha256:03425bdae262c76aad70202debd780501fabeaca237cdfddc008987c0e0f59ef",
                "sha256:04ed324bda3cda42b9b695d51bb7d54b680b9719cfab04227cdd1e04e5de3104",
                "sha256:0e2642fe3142e4cc4af0799748233ad6da94c62a8bec3a6648bf8ee68b1c7426",
                "sha256:173379135477dc8cac4bc58f45db08ab45d228b3363adb7af79436135d028405",
                "sha256:198caafb44239b60e252492445da556afafc7d1e3ab7a1fb3f0584ef6d742375",
                "sha256:1e74c6b51a9ed6589199c787bf5f9875612ca4a8a0785fb2d4a84429badaf22a",
                "sha256:2012c72d854c2d03e45d06ae57f40d78e5770d252f195b93f581acf3ba44496e",
                "sha256:21157295583fe8943475029ed5abdcf71eb3911894724e360acff1d61c1d54bc",
                "sha256:2470043b93ff09bf8fb1d46d1cb756ce6132c54826661a32d4e4d132e1977adf",
                "sha256:285d29981935eb726a4399badae8f0ffdff4f5050eaa6d0cfc3f64b857b77185",
                "sha256:30d78fbc8ebf9c92c9b7823ee18eb92f2e6ef79b45ac84db507f52fbe3ec4497",
                "sha256:320dab6e7cb2eacdf0e658569d2575c4dad258c0fcc794f46215e1e39f90f2c3",
                "sha256:33ab79603146aace82c2427da5ca6e58f2b3f2fb5da893ceac0c42218a40be35",
                "sha256:3548db281cd7d2561c9ad9984681c95f7b0e38881201e157833a2342c30d5e8c",
                "sha256:3799aecf2e17cf585d977b780ce79ff0dc9b78d799fc694221ce814c2c19db83",
                "sha256:39d39875251ca8f612b6f33e6b1195af86d1b3e60086068be9cc053aa4376e21",
                "sha256:3b926aa83d1edb5aa5b427b4053dc420ec295a08e40911296b9eb1b6170f6cca",
                "sha256:3bcde07039e586f91b45c88f8583ea7cf7a0770df3a1649627bf598332cb6984",
                "sha256:3d08afd128ddaa624a48cf2b859afef385b720bb4b43df214f85616922e6a5ac",
                "sha256:3eb6971dcff08619f8d91607cfc726518b6fa2a9eba42856be181c6d0d9515fd",
                "sha256:40f4774f5a9d4f5e344f31a32b5096977b5d48560c5592e2f3d2c4374bd543ee",
                "sha256:4289fc34b2f5316fbb762d75362931e351941fa95fa18789191b33fc4cf9504a",
                "sha256:470c103ae716238bbe698d67ad020e1db9d9dba34fa5a899b5e21577e6d52ed2",
                "sha256:4f2c9f67e9821cad2e5f480bc8d83b8742896f1242dba247911072d4fa94c192",
                "sha256:50a74364d85fd319352182ef59c5c790484a336f6db772c1a9231f1c3ed0cbd7",
                "sha256:54a2db7b78338edd780e7ef7f9f6c442500fb0d41a5a4ea24fff1c929d5af585",
                "sha256:5635bd9cb9731e6d4a1132a498dd34f764034a8ce60cef4f5319c0541159392f",
                "sha256:59c0b02d0a6c384d453fece7566d1c7e6b7bae4fc5874ef2ef46d56776d61c9e",
                "sha256:5d598b938678ebf3c67377cdd45e09d431369c3b1a5b331058c338e201f12b27",
                "sha256:5df2768244d19ab7f60546d0c7c63ce1581f7af8b5de3eb3004b9b6fc8a9f84b",
                "sha256:5ef34d190326c3b1f822a5b7a45f6c4535e2f47ed06fec77d3d799c450b2651e",
                "sha256:6975a3fac6bc83c4a65c9f9fcab9e47019a11d3d2cf7f3c0d03431bf145a941e",
                "sha256:6c9a799e985904922a4d207a94eae35c78ebae90e128f0c4e521ce339396be9d",
                "sha256:70df4e3b545a17496c9b3f41f5115e69a4f2e77e94e1d2a8e1070bc0c38c8a3c",
                "sha256:7473e861101c9e72452f9bf8acb984947aa1661a7704553a9f6e4baa5ba64415",
                "sha256:8102eaf27e1e448db915d08afa8b41d6c7ca7a04b7d73af6514df10a3e74bd82",
                "sha256:87c450779d0914f2861b8526e035c5e6da0a3199d8f1add1a665e1cbc6fc6d02",
                "sha256:8b7ee99e510d7b66cdb6c593f21c043c248537a32e0bedf02e01e9553a172314",
                "sha256:91fc98adde3d7881af9b59ed0294046f3806221863722ba7d8d120c575314325",
                "sha256:94411f22c3985acaec6f83c6df553f2dbe17b698cc7f8ae751ff2237d96b9e3c",
                "sha256:98d85c6a2bef81588d9227dde12db8a7f47f639f4a17c9ae08e773aa9c697bf3",
                "sha256:9ad5db27f9cabae298d151c85cf2bad1d359a1b9c686a275df03385758e2f914",
                "sha256:a0b71b1b8fbf2b96e41c4d990244165e2c9be83d54962a9a1d118fd8657d2045",
                "sha256:a0f100c8912c114ff53e1202d0078b425bee3649ae34d7b070e9697f93c5d52d",
                "sha256:a591fe9e525846e4d154205572a029f653ada1a78b93697f3b5a8f1f2bc055b9",
                "sha256:a5c84c68147988265e60416b57fc83425a78058853509c1b0629c180094904a5",
                "sha256:a66d3508133af6e8548451b25058d5812812ec3798c886bf38ed24a98216fab2",
                "sha256:a8c4917bd7ad33e8eb21e9a5bbba979b49d9a97acb3a803092cbc1133e20343c",
                "sha256:b3bbeb01c2b273cca1e1e0c5df57f12dce9a4dd331b4fa1635b8bec26350bde3",
                "sha256:cba9d6b9a7d64d4bd46167096fc9d2f835e25d7e4c121fb2ddfc6528fb0413b2",
                "sha256:cc4d65aeeaa04136a12677d3dd0b1c0c94dc43abac5860ab33cceb42b801c1e8",
                "sha256:ce4bcc037df4fc5e3d184794f27bdaab018943698f4ca31630bc7f84a7b69c6d",
                "sha256:cec7d9412a9102bdc577382c3929b337320c4c4c4849f2c5cdd14d7368c5562d",
                "sha256:d400bfb9a37b1351253cb402671cea7e89bdecc294e8016a707f6d1d8ac934f9",
                "sha256:d61f4695e6c866a23a21acab0509af1cdfd2c013cf256bbf5b6b5e2695827162",
                "sha256:db0fbb9c62743ce59a9ff687eb5f4afbe77e5e8403d6697f7446e5f609976f76",
                "sha256:dd86c085fae2efd48ac91dd7ccffcfc0571387fe1193d33b6394db7ef31fe2a4",
                "sha256:e00b098126fd45523dd056d2efba6c5a63b71ffe9f2bbe1a4fe1716e1d0c331e",
                "sha256:e229a521186c75c8ad9490854fd8bbdd9a0c9aa3a524326b55be83b54d4e0ad9",
                "sha256:e263d77ee3dd201c3a142934a086a4450861778baaeeb45db4591ef65550b0a6",
                "sha256:ed9cb427ba5504c1dc15ede7d516b84757c3e3d7868ccc85121d9310d27eed0b",
                "sha256:fa6693661a4c91757f4412306191b6dc88c1703f780c8234035eac011922bc01",
                "sha256:fcd131dd944808b5bdb38e6f5b53013c5aa4f334c5cad0c72742f6eba4b73db0"
            ],
            "markers": "platform_python_implementation == 'CPython'",
            "version": "==1.15.1"
        },
        "charset-normalizer": {
            "hashes": [
                "sha256:5a3d016c7c547f69d6f81fb0db9449ce888b418b5b9952cc5e6e66843e9dd845",
                "sha256:83e9a75d1911279afd89352c68b45348559d1fc0506b054b346651b5e7fee29f"
            ],
            "version": "==2.1.1"
        },
        "cryptomobile": {
            "git": "https://github.com/P1sec/CryptoMobile.git",
            "ref": "246d494857328996385ab4e8ab469348c97334f2"
        },
        "idna": {
            "hashes": [
                "sha256:84d9dd047ffa80596e0f246e2eab0b391788b0503584e8945f2368256d2735ff",
                "sha256:9d643ff0a55b762d5cdb124b8eaa99c66322e2157b69160bc32796e824360e6d"
            ],
            "version": "==3.3"
        },
        "persistent": {
            "hashes": [
                "sha256:0d6934976b239727caa516adec22e943abb9db1c9fef66440e5e373989f6e30a",
                "sha256:1adb850f642be7e5d21814ec23c6d6299315c90274baef3d5940e4346644951c",
                "sha256:1f2e4fda36e7754faa64a8b81a1f8885813c59815a38f9f41560a7f5ef795514",
                "sha256:2d1bbf615e067bb8bc35c418265b6b5a573cd27e3f37cf2695a319c8fb85a1b5",
                "sha256:2d71550ac2aa601b96fc1dd64c87b97c9d54c9ca81aedcad6776e00c8f80011d",
                "sha256:3277daca96db74b32ae24ca418bcb8f6d2480fe5794a4c67832a16ffc2e74a31",
                "sha256:3baa155d2a686ecea1ce9ac2b60fc44967b132beee49150bd079925e3b3c46d8",
                "sha256:4701b31d81c1042265725af390450e9d916ad74b9c178b7010053853591e0c6a",
                "sha256:4f78de2ee1e7469f8c9347a5ca724a068cae52935d5b0b4401b1683b5cea2097",
                "sha256:5392d9b1451d6a1da2b59e27e10eb45d0ffbcecfe0e14aae4b98b8b2547a7286",
                "sha256:57fc77be949ad6bedf077c456b58d31b98690512567e9e676c6171972bb0da50",
                "sha256:5be31f034709ab6833b7bd9c3b4835664f0971a2e8ff403380d861f7899dde79",
                "sha256:5c9d55dd9bf238beb3565ab0b274552c2c4121921580464988586ed09b5ecbcb",
                "sha256:6413db4d784846436c4a00d9a66b3c6bce3f45cad2eb3247d39ced8e41b942b7",
                "sha256:6af3b724b0993f9a72e2a644837bc0dc8c44526a6c17ecd32bf60672e37b8608",
                "sha256:6ffc7e720cf124a45b890e655d80b644f8c12b1fb97da7df78c5278ef28b2d8b",
                "sha256:7333f96f7f140fdd223bb3e0966ac0ce76321865c37ff11ac45f561fea302f29",
                "sha256:73a55f1b09f48c99adc87e208db7e115a201ad1e0bd2de328587e993c85c6bd2",
                "sha256:78be12da25a20c8ce053065ec8a24837a2f445fa5dd53b284e26dafa066585d2",
                "sha256:7996d05b539352d7b612aa350a1f024f7e32ab24e23f8b5ebac275e43669bdb1",
                "sha256:7e2650c619ad8acc67caad27f0caa856b3c3aaa474edf4cd9d39fd5b9389ae2b",
                "sha256:8bf0f183637508e4e588a64c61bd8be2e34086a37687f733c7cad1e6dbe7bc2c",
                "sha256:90e3de2bd66df303b1fa90086ef82d8cf9eef87fe3503da03e29f2f62a2f8884",
                "sha256:9ec24d5a704fee4bd5aca12bb0f17e05f1386bd8d3903657a89c50214afb547e",
                "sha256:a9618487416445243094d87dcc865c32a2c6039020afb51cdeca63e6fcb3c624",
                "sha256:b3a5de9f4760245f6c6000763f2f8e8cabbb06ea5bc804ea1f219b17c4526dee",
                "sha256:b9c25ea6920f322344b25fc1beca24fb04944fc28b7157b36f42cdb9c5ce3846",
                "sha256:c1405c4928b9399d25b98097fa1a4694d172b2af7c9afb67d7ae12709ea48bf3",
                "sha256:c45e88c8f9daffdddd033d840b3ea89fd4b954c262f010b19d9fc64dce6c16bf",
                "sha256:dfceb7f4feb738fe8a60c22a47ee402e2a4ae213f6808329c0902ce3c19ade2b",
                "sha256:e0b2a16319686fd1b5bbb385e3b83a3224568d13cb0a3417536279194d41b119",
                "sha256:e5ff4a80e781190debbc940d3e2736439a224fbe9fb8694f4eba164bb9510f84",
                "sha256:e612bfa55cbbb30a4bfd566e56844087edd525783f8c15edd530bc3236e68f34",
                "sha256:ec0f6774a9b668ef842ef564cc1871caeef1b3735a7566ad8e47a81a1d98e940",
                "sha256:ec8983c0253a44a43360462312d6d810762edeb96a392da031db20763ac404ca",
                "sha256:f37b157dcc13a64f97d14520b9a892dfc14385d034409f6c735bc9ee4ab7607e"
            ],
            "version": "==4.9.0"
        },
        "pycparser": {
            "hashes": [
                "sha256:8ee45429555515e1f6b185e78100aea234072576aa43ab53aefcae078162fca9",
                "sha256:e644fdec12f7872f86c58ff790da456218b10f863970249516d60a5eaca77206"
            ],
            "version": "==2.21"
        },
        "pycrate": {
            "hashes": [
                "sha256:581bd8b564fdcb82779db87acfcd09d4b6e0b1a452d3823be6c3c0b409b3df85",
                "sha256:59f09331890a389a6b98412f19f4fb021c5a75a35ab07bf5ba0d1e299a0967af"
            ],
            "index": "pypi",
            "version": "==0.5.5"
        },
        "pycryptodome": {
            "hashes": [
                "sha256:045d75527241d17e6ef13636d845a12e54660aa82e823b3b3341bcf5af03fa79",
                "sha256:0926f7cc3735033061ef3cf27ed16faad6544b14666410727b31fea85a5b16eb",
                "sha256:092a26e78b73f2530b8bd6b3898e7453ab2f36e42fd85097d705d6aba2ec3e5e",
                "sha256:1b22bcd9ec55e9c74927f6b1f69843cb256fb5a465088ce62837f793d9ffea88",
                "sha256:2aa55aae81f935a08d5a3c2042eb81741a43e044bd8a81ea7239448ad751f763",
                "sha256:2ea63d46157386c5053cfebcdd9bd8e0c8b7b0ac4a0507a027f5174929403884",
                "sha256:2ec709b0a58b539a4f9d33fb8508264c3678d7edb33a68b8906ba914f71e8c13",
                "sha256:2ffd8b31561455453ca9f62cb4c24e6b8d119d6d531087af5f14b64bee2c23e6",
                "sha256:4b52cb18b0ad46087caeb37a15e08040f3b4c2d444d58371b6f5d786d95534c2",
                "sha256:4c3ccad74eeb7b001f3538643c4225eac398c77d617ebb3e57571a897943c667",
                "sha256:5099c9ca345b2f252f0c28e96904643153bae9258647585e5e6f649bb7a1844a",
                "sha256:57f565acd2f0cf6fb3e1ba553d0cb1f33405ec1f9c5ded9b9a0a5320f2c0bd3d",
                "sha256:60b4faae330c3624cc5a546ba9cfd7b8273995a15de94ee4538130d74953ec2e",
                "sha256:7c9ed8aa31c146bef65d89a1b655f5f4eab5e1120f55fc297713c89c9e56ff0b",
                "sha256:7e3a8f6ee405b3bd1c4da371b93c31f7027944b2bcce0697022801db93120d83",
                "sha256:9135dddad504592bcc18b0d2d95ce86c3a5ea87ec6447ef25cfedea12d6018b8",
                "sha256:9c772c485b27967514d0df1458b56875f4b6d025566bf27399d0c239ff1b369f",
                "sha256:9eaadc058106344a566dc51d3d3a758ab07f8edde013712bc8d22032a86b264f",
                "sha256:9ee40e2168f1348ae476676a2e938ca80a2f57b14a249d8fe0d3cdf803e5a676",
                "sha256:a8f06611e691c2ce45ca09bbf983e2ff2f8f4f87313609d80c125aff9fad6e7f",
                "sha256:b9c5b1a1977491533dfd31e01550ee36ae0249d78aae7f632590db833a5012b8",
                "sha256:b9cc96e274b253e47ad33ae1fccc36ea386f5251a823ccb50593a935db47fdd2",
                "sha256:c3640deff4197fa064295aaac10ab49a0d55ef3d6a54ae1499c40d646655c89f",
                "sha256:c77126899c4b9c9827ddf50565e93955cb3996813c18900c16b2ea0474e130e9",
                "sha256:d2a39a66057ab191e5c27211a7daf8f0737f23acbf6b3562b25a62df65ffcb7b",
                "sha256:e244ab85c422260de91cda6379e8e986405b4f13dc97d2876497178707f87fc1",
                "sha256:ecaaef2d21b365d9c5ca8427ffc10cebed9d9102749fd502218c23cb9a05feb5",
                "sha256:fd2184aae6ee2a944aaa49113e6f5787cdc5e4db1eb8edb1aea914bd75f33a0c",
                "sha256:ff287bcba9fbeb4f1cccc1f2e90a08d691480735a611ee83c80a7d74ad72b9d9",
                "sha256:ff7ae90e36c1715a54446e7872b76102baa5c63aa980917f4aa45e8c78d1a3ec"
            ],
            "index": "pypi",
            "version": "==3.15.0"
        },
        "pysctp": {
            "hashes": [
                "sha256:fadb1cf7ed8bef4595ecc8963012a58a8f7d4bf69bc94a6942ed2908196e7fdf"
            ],
            "index": "pypi",
            "version": "==0.7.1"
        },
        "requests": {
            "hashes": [
                "sha256:7c5599b102feddaa661c826c56ab4fee28bfd17f5abca1ebbe3e7f19d7c97983",
                "sha256:8fefa2a1a1365bf5520aac41836fbee479da67864514bdb821f31ce07ce65349"
            ],
            "index": "pypi",
            "version": "==2.28.1"
        },
        "six": {
            "hashes": [
                "sha256:1e61c37477a1626458e36f7b1d82aa5c9b094fa4802892072e49de9c60c4c926",
                "sha256:8abb2f1d86890a2dfb989f9a77cfcfd3e47c2a354b01111771326f8aa26e0254"
            ],
            "version": "==1.16.0"
        },
        "smartcard": {
            "hashes": [
                "sha256:4379b48ccfbd4f78fd5df4e73420aaa79ef6ff1e042d6299a3f71621c3b3d0ad"
            ],
            "index": "pypi",
            "version": "==0.3"
        },
        "transaction": {
            "hashes": [
                "sha256:0c15ef0b7ff3518357ceea75722a30d974c3f85e11aa5cec5d5a2b6a40cfcf68",
                "sha256:2329a6e6b82d1d8d4de9267ea6ee790532c375e5911d3c7633a234e94a4a0a9e"
            ],
            "version": "==3.0.1"
        },
        "urllib3": {
            "hashes": [
                "sha256:3fa96cf423e6987997fc326ae8df396db2a8b7c667747d47ddd8ecba91f4a74e",
                "sha256:b930dd878d5a8afb066a637fbb35144fe7901e3b209d1cd4f524bd0e9deee997"
            ],
            "version": "==1.26.12"
        },
        "zc.lockfile": {
            "hashes": [
                "sha256:307ad78227e48be260e64896ec8886edc7eae22d8ec53e4d528ab5537a83203b",
                "sha256:cc33599b549f0c8a248cb72f3bf32d77712de1ff7ee8814312eb6456b42c015f"
            ],
            "version": "==2.0"
        },
        "zconfig": {
            "hashes": [
                "sha256:a28e95a0ae335795747eccad35b2cb708f37d44c7f325e2acb201e98330b16e5",
                "sha256:d36cebe34b49fb2a9123472c8a22dbbf25837f33d31300d391403810cb1557d7"
            ],
            "version": "==3.6.0"
        },
        "zodb": {
            "hashes": [
                "sha256:dc4cb46a5e30753c2e57cc20b1411b4356b3041fba9683531cedfdb1e922ab4a",
                "sha256:fa40bbc05ecda1ec2435cd0c6dd02a13b7698460558a4604366f6a0a68401cd3"
            ],
            "version": "==5.7.0"
        },
        "zodbpickle": {
            "hashes": [
                "sha256:015051e78a30f45b62ef04c7374885b7d9ba5a66f2ce8e105aa2f756319e11d8",
                "sha256:03d88090a7e3a33918f35c6ee17ad516f68185074ee148d31d4ec2a7338751a0",
                "sha256:12a0372ee78fa21cb6acc305cbd34a34343dec0cade69711363db4f947c3eff8",
                "sha256:186d0c33932b658dc5a66901d6b5a1ae27db74bc6a0349a2625dede809e6d6f8",
                "sha256:2ba915a59175b82ea2aea8504b9fa1bcb2f2a282659180ed31711fb338a34c73",
                "sha256:2f87ac8e13416691965835113158dd165afa9bffbce82b7b909b7eeee7c21d2e",
                "sha256:328f8e2bbf963b0a350d08be3ba522e57ad7a26b71484f7de44c5210359f9e54",
                "sha256:3b077e2b7f6e4542183047a437c9530fb5a1cde2a8e032993ba62bee59e0b7b3",
                "sha256:4122d7542b98bf42233eda622c7890cf785aa56273e67bc702fd14dc5cad1423",
                "sha256:43d0186d777a9b4c18129d2aeabe8f6dd23a276d7e50352be3b24e0eae55ca97",
                "sha256:46c397b540fbf3249fce61c4f344a04b3d3ff9fa38669e6cd4adb6cea24c5f7f",
                "sha256:48346313c463d5a62901dd4cff8c77708e4b36839de9b05d4b8231baeb47670a",
                "sha256:4c6e50f3e395911b5ea425bf5c2139a43f2d746f8c76324e13e584f632b753b7",
                "sha256:568bbca7cd75e7fa0764f991618cf95423edcf111948649e8b53f16c5b68cf1d",
                "sha256:68483ea25f755162f0b6f13643d61b639c31232c3a197cbf6e8a7491104ee05d",
                "sha256:6a7e9d203c1ade34e88f7152e17b303bc1aeb716d2496d0a98e7100956b86d36",
                "sha256:7138a545e9250f208fd2f6f2764ce22290ea781ad385fb1a9352a3425d2dc2a7",
                "sha256:738a4d05cb0d6d4754e7b3be1d736aefeb74f2b2507472c1c6bd74cf2ebc070b",
                "sha256:82385eb1b1ba4dde9bc4c33d917182224a32ad1d4e4e599e133f273aac0df6a1",
                "sha256:838a8c6d37f59e2181b153887d20753ce4c9fa1c25eb0a824f227f4c22bbd65f",
                "sha256:87c8e7f62137554be8f4a4b16efb0d60e52abc369671e74fefb28243b04e773c",
                "sha256:91e9cc9e152a2d80779287452333cb21badd2f156e90d319ccd807fcc6946588",
                "sha256:9d7abbf9c5e788f3a672ff675c942a653df2eb8a106e893313aa33e3c431ae99",
                "sha256:a1d993035869b632f557c4e6b9d121ea2bd422041e61ac1033cfef579cdb4102",
                "sha256:a3212474e353d0c9481a5bdced46e430d93fd08fac13e45811b14a3059d96cc3",
                "sha256:b72231e0eb3986dc4965a89d11f9113ef9234b981904069ed8240fee1161fe59",
                "sha256:bb4b42c55ee031e5fca8e0d04afaa679383efc13a04f94a4580227f9774d973e",
                "sha256:d4b780bd44f868a19e8cf8051356cd4e41f70eb01f312797a773a425dbdf072f",
                "sha256:d684a7abebe0b0da69328f88761e6774f1c1feefe0f5663a5ca72a9cd722b84a",
                "sha256:e256764073b27046fefcd8a0c793b6dc3d9743ec0f18b24a419864d36a87d753",
                "sha256:e4cb5c719705e8bb1e8eee4aa24e2071a3094ecf2783d87407ab822f166da3a2",
                "sha256:e903e9a063b54571eab3601895bddfdb3aea7385a29dc1559c4a5dde5968fa6d",
                "sha256:f0cdd5d29ce768a487bf8d1cf4f81b26d79692e98e8f3438251458fba2026575",
                "sha256:f3f0ce06be972f501ba7be7d8303c7216eded882b41d9659839f7a28c5399493",
                "sha256:f68a049356fb703e6fc6e15410a737d11a7079a1ff2aeddceb8e5992a4f6be21",
                "sha256:fbad54a0e35c04def8a2161f5e0ba308d2db00ea295861b827cf234bc5ae1da2"
            ],
            "version": "==2.3"
        },
        "zope.interface": {
            "hashes": [
                "sha256:08f9636e99a9d5410181ba0729e0408d3d8748026ea938f3b970a0249daa8192",
                "sha256:0b465ae0962d49c68aa9733ba92a001b2a0933c317780435f00be7ecb959c702",
                "sha256:0cba8477e300d64a11a9789ed40ee8932b59f9ee05f85276dbb4b59acee5dd09",
                "sha256:0cee5187b60ed26d56eb2960136288ce91bcf61e2a9405660d271d1f122a69a4",
                "sha256:0ea1d73b7c9dcbc5080bb8aaffb776f1c68e807767069b9ccdd06f27a161914a",
                "sha256:0f91b5b948686659a8e28b728ff5e74b1be6bf40cb04704453617e5f1e945ef3",
                "sha256:15e7d1f7a6ee16572e21e3576d2012b2778cbacf75eb4b7400be37455f5ca8bf",
                "sha256:17776ecd3a1fdd2b2cd5373e5ef8b307162f581c693575ec62e7c5399d80794c",
                "sha256:194d0bcb1374ac3e1e023961610dc8f2c78a0f5f634d0c737691e215569e640d",
                "sha256:1c0e316c9add0db48a5b703833881351444398b04111188069a26a61cfb4df78",
                "sha256:205e40ccde0f37496904572035deea747390a8b7dc65146d30b96e2dd1359a83",
                "sha256:273f158fabc5ea33cbc936da0ab3d4ba80ede5351babc4f577d768e057651531",
                "sha256:2876246527c91e101184f63ccd1d716ec9c46519cc5f3d5375a3351c46467c46",
                "sha256:2c98384b254b37ce50eddd55db8d381a5c53b4c10ee66e1e7fe749824f894021",
                "sha256:2e5a26f16503be6c826abca904e45f1a44ff275fdb7e9d1b75c10671c26f8b94",
                "sha256:334701327f37c47fa628fc8b8d28c7d7730ce7daaf4bda1efb741679c2b087fc",
                "sha256:3748fac0d0f6a304e674955ab1365d515993b3a0a865e16a11ec9d86fb307f63",
                "sha256:3c02411a3b62668200910090a0dff17c0b25aaa36145082a5a6adf08fa281e54",
                "sha256:3dd4952748521205697bc2802e4afac5ed4b02909bb799ba1fe239f77fd4e117",
                "sha256:3f24df7124c323fceb53ff6168da70dbfbae1442b4f3da439cd441681f54fe25",
                "sha256:469e2407e0fe9880ac690a3666f03eb4c3c444411a5a5fddfdabc5d184a79f05",
                "sha256:4de4bc9b6d35c5af65b454d3e9bc98c50eb3960d5a3762c9438df57427134b8e",
                "sha256:5208ebd5152e040640518a77827bdfcc73773a15a33d6644015b763b9c9febc1",
                "sha256:52de7fc6c21b419078008f697fd4103dbc763288b1406b4562554bd47514c004",
                "sha256:5bb3489b4558e49ad2c5118137cfeaf59434f9737fa9c5deefc72d22c23822e2",
                "sha256:5dba5f530fec3f0988d83b78cc591b58c0b6eb8431a85edd1569a0539a8a5a0e",
                "sha256:5dd9ca406499444f4c8299f803d4a14edf7890ecc595c8b1c7115c2342cadc5f",
                "sha256:5f931a1c21dfa7a9c573ec1f50a31135ccce84e32507c54e1ea404894c5eb96f",
                "sha256:63b82bb63de7c821428d513607e84c6d97d58afd1fe2eb645030bdc185440120",
                "sha256:66c0061c91b3b9cf542131148ef7ecbecb2690d48d1612ec386de9d36766058f",
                "sha256:6f0c02cbb9691b7c91d5009108f975f8ffeab5dff8f26d62e21c493060eff2a1",
                "sha256:71aace0c42d53abe6fc7f726c5d3b60d90f3c5c055a447950ad6ea9cec2e37d9",
                "sha256:7d97a4306898b05404a0dcdc32d9709b7d8832c0c542b861d9a826301719794e",
                "sha256:7df1e1c05304f26faa49fa752a8c690126cf98b40b91d54e6e9cc3b7d6ffe8b7",
                "sha256:8270252effc60b9642b423189a2fe90eb6b59e87cbee54549db3f5562ff8d1b8",
                "sha256:867a5ad16892bf20e6c4ea2aab1971f45645ff3102ad29bd84c86027fa99997b",
                "sha256:877473e675fdcc113c138813a5dd440da0769a2d81f4d86614e5d62b69497155",
                "sha256:8892f89999ffd992208754851e5a052f6b5db70a1e3f7d54b17c5211e37a98c7",
                "sha256:9a9845c4c6bb56e508651f005c4aeb0404e518c6f000d5a1123ab077ab769f5c",
                "sha256:a1e6e96217a0f72e2b8629e271e1b280c6fa3fe6e59fa8f6701bec14e3354325",
                "sha256:a8156e6a7f5e2a0ff0c5b21d6bcb45145efece1909efcbbbf48c56f8da68221d",
                "sha256:a9506a7e80bcf6eacfff7f804c0ad5350c8c95b9010e4356a4b36f5322f09abb",
                "sha256:af310ec8335016b5e52cae60cda4a4f2a60a788cbb949a4fbea13d441aa5a09e",
                "sha256:b0297b1e05fd128d26cc2460c810d42e205d16d76799526dfa8c8ccd50e74959",
                "sha256:bf68f4b2b6683e52bec69273562df15af352e5ed25d1b6641e7efddc5951d1a7",
                "sha256:d0c1bc2fa9a7285719e5678584f6b92572a5b639d0e471bb8d4b650a1a910920",
                "sha256:d4d9d6c1a455d4babd320203b918ccc7fcbefe308615c521062bc2ba1aa4d26e",
                "sha256:db1fa631737dab9fa0b37f3979d8d2631e348c3b4e8325d6873c2541d0ae5a48",
                "sha256:dd93ea5c0c7f3e25335ab7d22a507b1dc43976e1345508f845efc573d3d779d8",
                "sha256:f44e517131a98f7a76696a7b21b164bcb85291cee106a23beccce454e1f433a4",
                "sha256:f7ee479e96f7ee350db1cf24afa5685a5899e2b34992fb99e1f7c1b0b758d263"
            ],
            "version": "==5.4.0"
        }
    },
    "develop": {}
}
